
Microsoft Visual Studio Solution File, Format Version 12.00
# Visual Studio Version 16
VisualStudioVersion = 16.0.31205.134
MinimumVisualStudioVersion = 10.0.40219.1
Project("{FAE04EC0-301F-11D3-BF4B-00C04F79EFBC}") = "Desafio3", "Desafio3\Desafio3.csproj", "{F7C25A2A-75B1-4A20-BBB4-BD2D8B5A14BC}"
EndProject
Project("{FAE04EC0-301F-11D3-BF4B-00C04F79EFBC}") = "Desafio3TDD", "Desafio3TDD\Desafio3TDD.csproj", "{98AD21BA-B9EB-413C-B48A-5C5805D1BD0C}"
EndProject
Global
	GlobalSection(SolutionConfigurationPlatforms) = preSolution
		Debug|Any CPU = Debug|Any CPU
		Release|Any CPU = Release|Any CPU
	EndGlobalSection
	GlobalSection(ProjectConfigurationPlatforms) = postSolution
		{F7C25A2A-75B1-4A20-BBB4-BD2D8B5A14BC}.Debug|Any CPU.ActiveCfg = Debug|Any CPU
		{F7C25A2A-75B1-4A20-BBB4-BD2D8B5A14BC}.Debug|Any CPU.Build.0 = Debug|Any CPU
		{F7C25A2A-75B1-4A20-BBB4-BD2D8B5A14BC}.Release|Any CPU.ActiveCfg = Release|Any CPU
		{F7C25A2A-75B1-4A20-BBB4-BD2D8B5A14BC}.Release|Any CPU.Build.0 = Release|Any CPU
		{98AD21BA-B9EB-413C-B48A-5C5805D1BD0C}.Debug|Any CPU.ActiveCfg = Debug|Any CPU
		{98AD21BA-B9EB-413C-B48A-5C5805D1BD0C}.Debug|Any CPU.Build.0 = Debug|Any CPU
		{98AD21BA-B9EB-413C-B48A-5C5805D1BD0C}.Release|Any CPU.ActiveCfg = Release|Any CPU
		{98AD21BA-B9EB-413C-B48A-5C5805D1BD0C}.Release|Any CPU.Build.0 = Release|Any CPU
	EndGlobalSection
	GlobalSection(SolutionProperties) = preSolution
		HideSolutionNode = FALSE
	EndGlobalSection
	GlobalSection(ExtensibilityGlobals) = postSolution
		SolutionGuid = {27144429-D954-4986-A57F-FDB2A997F285}
	EndGlobalSection
EndGlobal
