
Microsoft Visual Studio Solution File, Format Version 12.00
# Visual Studio Version 17
VisualStudioVersion = 17.1.32210.238
MinimumVisualStudioVersion = 10.0.40219.1
Project("{FAE04EC0-301F-11D3-BF4B-00C04F79EFBC}") = "Desafio3Console", "Desafio3Console\Desafio3Console.csproj", "{6860D6F8-B7C6-48D0-9284-76DAA3675941}"
EndProject
Project("{FAE04EC0-301F-11D3-BF4B-00C04F79EFBC}") = "Desafio03TDD", "Desafio03TDD\Desafio03TDD.csproj", "{FDA7E380-C63F-4D93-9B45-EA7A7B335CC5}"
EndProject
Global
	GlobalSection(SolutionConfigurationPlatforms) = preSolution
		Debug|Any CPU = Debug|Any CPU
		Release|Any CPU = Release|Any CPU
	EndGlobalSection
	GlobalSection(ProjectConfigurationPlatforms) = postSolution
		{6860D6F8-B7C6-48D0-9284-76DAA3675941}.Debug|Any CPU.ActiveCfg = Debug|Any CPU
		{6860D6F8-B7C6-48D0-9284-76DAA3675941}.Debug|Any CPU.Build.0 = Debug|Any CPU
		{6860D6F8-B7C6-48D0-9284-76DAA3675941}.Release|Any CPU.ActiveCfg = Release|Any CPU
		{6860D6F8-B7C6-48D0-9284-76DAA3675941}.Release|Any CPU.Build.0 = Release|Any CPU
		{FDA7E380-C63F-4D93-9B45-EA7A7B335CC5}.Debug|Any CPU.ActiveCfg = Debug|Any CPU
		{FDA7E380-C63F-4D93-9B45-EA7A7B335CC5}.Debug|Any CPU.Build.0 = Debug|Any CPU
		{FDA7E380-C63F-4D93-9B45-EA7A7B335CC5}.Release|Any CPU.ActiveCfg = Release|Any CPU
		{FDA7E380-C63F-4D93-9B45-EA7A7B335CC5}.Release|Any CPU.Build.0 = Release|Any CPU
	EndGlobalSection
	GlobalSection(SolutionProperties) = preSolution
		HideSolutionNode = FALSE
	EndGlobalSection
	GlobalSection(ExtensibilityGlobals) = postSolution
		SolutionGuid = {4FFD08E3-A1EE-4B0A-A1E0-437EF13294F0}
	EndGlobalSection
EndGlobal
