
Microsoft Visual Studio Solution File, Format Version 12.00
# Visual Studio Version 16
VisualStudioVersion = 16.0.31205.134
MinimumVisualStudioVersion = 10.0.40219.1
Project("{FAE04EC0-301F-11D3-BF4B-00C04F79EFBC}") = "Desafio03Console", "Desafio03Console\Desafio03Console.csproj", "{A9982693-AE5C-4AAD-9CF1-3EC3403E9938}"
EndProject
Project("{FAE04EC0-301F-11D3-BF4B-00C04F79EFBC}") = "Desafio03TDD", "Desafio03TDD\Desafio03TDD.csproj", "{2EDEE9D4-54CC-4789-87C1-76CDC47EF86A}"
EndProject
Global
	GlobalSection(SolutionConfigurationPlatforms) = preSolution
		Debug|Any CPU = Debug|Any CPU
		Release|Any CPU = Release|Any CPU
	EndGlobalSection
	GlobalSection(ProjectConfigurationPlatforms) = postSolution
		{A9982693-AE5C-4AAD-9CF1-3EC3403E9938}.Debug|Any CPU.ActiveCfg = Debug|Any CPU
		{A9982693-AE5C-4AAD-9CF1-3EC3403E9938}.Debug|Any CPU.Build.0 = Debug|Any CPU
		{A9982693-AE5C-4AAD-9CF1-3EC3403E9938}.Release|Any CPU.ActiveCfg = Release|Any CPU
		{A9982693-AE5C-4AAD-9CF1-3EC3403E9938}.Release|Any CPU.Build.0 = Release|Any CPU
		{2EDEE9D4-54CC-4789-87C1-76CDC47EF86A}.Debug|Any CPU.ActiveCfg = Debug|Any CPU
		{2EDEE9D4-54CC-4789-87C1-76CDC47EF86A}.Debug|Any CPU.Build.0 = Debug|Any CPU
		{2EDEE9D4-54CC-4789-87C1-76CDC47EF86A}.Release|Any CPU.ActiveCfg = Release|Any CPU
		{2EDEE9D4-54CC-4789-87C1-76CDC47EF86A}.Release|Any CPU.Build.0 = Release|Any CPU
	EndGlobalSection
	GlobalSection(SolutionProperties) = preSolution
		HideSolutionNode = FALSE
	EndGlobalSection
	GlobalSection(ExtensibilityGlobals) = postSolution
		SolutionGuid = {B3AFDF2C-372C-41AB-949B-4379FA632C8F}
	EndGlobalSection
EndGlobal
